<?xml version="1.0" encoding="utf-8"?>
<Project ToolsVersion="4.0" xmlns="http://schemas.microsoft.com/developer/msbuild/2003">
  <ItemGroup>
    <Filter Include="Файлы исходного кода">
      <UniqueIdentifier>{4FC737F1-C7A5-4376-A066-2A32D752A2FF}</UniqueIdentifier>
      <Extensions>cpp;c;cc;cxx;def;odl;idl;hpj;bat;asm;asmx</Extensions>
    </Filter>
    <Filter Include="Заголовочные файлы">
      <UniqueIdentifier>{93995380-89BD-4b04-88EB-625FBE52EBFB}</UniqueIdentifier>
      <Extensions>h;hh;hpp;hxx;hm;inl;inc;xsd</Extensions>
    </Filter>
    <Filter Include="Файлы ресурсов">
      <UniqueIdentifier>{25856c90-5bad-450a-8ebc-1757763332d6}</UniqueIdentifier>
    </Filter>
    <Filter Include="Файлы ресурсов\Images">
      <UniqueIdentifier>{77554a55-bc7a-4191-9604-28c6fa8b23e5}</UniqueIdentifier>
    </Filter>
  </ItemGroup>
  <ItemGroup>
    <ClCompile Include="Game.cpp">
      <Filter>Файлы исходного кода</Filter>
    </ClCompile>
    <ClCompile Include="StartMenu.cpp">
      <Filter>Файлы исходного кода</Filter>
    </ClCompile>
  </ItemGroup>
  <ItemGroup>
    <ClInclude Include="Game.h">
      <Filter>Заголовочные файлы</Filter>
    </ClInclude>
    <ClInclude Include="Player.h">
      <Filter>Заголовочные файлы</Filter>
    </ClInclude>
    <ClInclude Include="Enemy.h">
      <Filter>Заголовочные файлы</Filter>
    </ClInclude>
    <ClInclude Include="Map.h">
      <Filter>Заголовочные файлы</Filter>
    </ClInclude>
    <ClInclude Include="resource.h">
      <Filter>Заголовочные файлы</Filter>
    </ClInclude>
    <ClInclude Include="StartMenu.h">
      <Filter>Заголовочные файлы</Filter>
    </ClInclude>
  </ItemGroup>
  <ItemGroup>
    <ResourceCompile Include="MadHypeRes.rc">
      <Filter>Файлы ресурсов</Filter>
    </ResourceCompile>
  </ItemGroup>
  <ItemGroup>
    <Image Include="images\Location.png">
      <Filter>Файлы ресурсов\Images</Filter>
    </Image>
    <Image Include="images\persSRM.png">
      <Filter>Файлы ресурсов\Images</Filter>
    </Image>
    <Image Include="images\persBL.png">
      <Filter>Файлы ресурсов\Images</Filter>
    </Image>
    <Image Include="images\persBR.png">
      <Filter>Файлы ресурсов\Images</Filter>
    </Image>
    <Image Include="images\persL.png">
      <Filter>Файлы ресурсов\Images</Filter>
    </Image>
    <Image Include="images\persR.png">
      <Filter>Файлы ресурсов\Images</Filter>
    </Image>
    <Image Include="images\persSL.png">
      <Filter>Файлы ресурсов\Images</Filter>
    </Image>
    <Image Include="images\persSLM.png">
      <Filter>Файлы ресурсов\Images</Filter>
    </Image>
    <Image Include="images\persSR.png">
      <Filter>Файлы ресурсов\Images</Filter>
    </Image>
    <Image Include="E:\downloads\Menubackground.png">
      <Filter>Файлы ресурсов\Images</Filter>
    </Image>
  </ItemGroup>
  <ItemGroup>
    <EmbeddedResource Include="Game.resx" />
    <EmbeddedResource Include="StartMenu.resx" />
  </ItemGroup>
</Project>